
Microsoft Visual Studio Solution File, Format Version 12.00
# Visual Studio Version 16
VisualStudioVersion = 16.0.31613.86
MinimumVisualStudioVersion = 10.0.40219.1
Project("{FAE04EC0-301F-11D3-BF4B-00C04F79EFBC}") = "AutoCache.Example", "rmdev.TransparentCache.Example\AutoCache.Example.csproj", "{C2A63004-4FF2-4F01-911E-17EC9771A869}"
EndProject
Project("{FAE04EC0-301F-11D3-BF4B-00C04F79EFBC}") = "AutoCache", "AutoCache\AutoCache.csproj", "{546FFD50-367D-45E5-B3F8-E48C0C00853C}"
EndProject
Global
	GlobalSection(SolutionConfigurationPlatforms) = preSolution
		Debug|Any CPU = Debug|Any CPU
		Release|Any CPU = Release|Any CPU
	EndGlobalSection
	GlobalSection(ProjectConfigurationPlatforms) = postSolution
		{C2A63004-4FF2-4F01-911E-17EC9771A869}.Debug|Any CPU.ActiveCfg = Debug|Any CPU
		{C2A63004-4FF2-4F01-911E-17EC9771A869}.Debug|Any CPU.Build.0 = Debug|Any CPU
		{C2A63004-4FF2-4F01-911E-17EC9771A869}.Release|Any CPU.ActiveCfg = Release|Any CPU
		{C2A63004-4FF2-4F01-911E-17EC9771A869}.Release|Any CPU.Build.0 = Release|Any CPU
		{546FFD50-367D-45E5-B3F8-E48C0C00853C}.Debug|Any CPU.ActiveCfg = Debug|Any CPU
		{546FFD50-367D-45E5-B3F8-E48C0C00853C}.Debug|Any CPU.Build.0 = Debug|Any CPU
		{546FFD50-367D-45E5-B3F8-E48C0C00853C}.Release|Any CPU.ActiveCfg = Release|Any CPU
		{546FFD50-367D-45E5-B3F8-E48C0C00853C}.Release|Any CPU.Build.0 = Release|Any CPU
	EndGlobalSection
	GlobalSection(SolutionProperties) = preSolution
		HideSolutionNode = FALSE
	EndGlobalSection
	GlobalSection(ExtensibilityGlobals) = postSolution
		SolutionGuid = {1EE1435C-EF6B-4F52-B67A-1B583BA5FBF9}
	EndGlobalSection
EndGlobal
